// !$*UTF8*$!
{
	archiveVersion = 1;
	classes = {
	};
	objectVersion = 56;
	objects = {

/* Begin PBXBuildFile section */
		EB25098A2BF46C7F00CE53F2 /* CategoryHome.swift in Sources */ = {isa = PBXBuildFile; fileRef = EB2509892BF46C7F00CE53F2 /* CategoryHome.swift */; };
		EB25098C2BF46F0400CE53F2 /* CategoryRow.swift in Sources */ = {isa = PBXBuildFile; fileRef = EB25098B2BF46F0400CE53F2 /* CategoryRow.swift */; };
		EB25098E2BF470A600CE53F2 /* CategoryItem.swift in Sources */ = {isa = PBXBuildFile; fileRef = EB25098D2BF470A600CE53F2 /* CategoryItem.swift */; };
		EB2509902BF474EC00CE53F2 /* Profile.swift in Sources */ = {isa = PBXBuildFile; fileRef = EB25098F2BF474EC00CE53F2 /* Profile.swift */; };
		EB2509932BF475CA00CE53F2 /* ProfileHost.swift in Sources */ = {isa = PBXBuildFile; fileRef = EB2509922BF475CA00CE53F2 /* ProfileHost.swift */; };
		EB2509952BF4760800CE53F2 /* ProfileSummary.swift in Sources */ = {isa = PBXBuildFile; fileRef = EB2509942BF4760800CE53F2 /* ProfileSummary.swift */; };
		EB2509982BF4771800CE53F2 /* HikeBadge.swift in Sources */ = {isa = PBXBuildFile; fileRef = EB2509972BF4771800CE53F2 /* HikeBadge.swift */; };
		EB7BBB942BE2016C00B6A0AB /* CircleImage.swift in Sources */ = {isa = PBXBuildFile; fileRef = EB7BBB932BE2016B00B6A0AB /* CircleImage.swift */; };
		EB7C2DF32BF618B9001C5701 /* ProfileEditor.swift in Sources */ = {isa = PBXBuildFile; fileRef = EB7C2DF22BF618B9001C5701 /* ProfileEditor.swift */; };
		EB7C2DF52BF61FD3001C5701 /* PageViewController.swift in Sources */ = {isa = PBXBuildFile; fileRef = EB7C2DF42BF61FD3001C5701 /* PageViewController.swift */; };
		EB7C2DF72BF6214D001C5701 /* PageView.swift in Sources */ = {isa = PBXBuildFile; fileRef = EB7C2DF62BF6214D001C5701 /* PageView.swift */; };
		EB7C2DF92BF6216F001C5701 /* FeatureCard.swift in Sources */ = {isa = PBXBuildFile; fileRef = EB7C2DF82BF6216F001C5701 /* FeatureCard.swift */; };
		EB863E482BE1F9BD00DE425C /* LandmarksApp.swift in Sources */ = {isa = PBXBuildFile; fileRef = EB863E472BE1F9BD00DE425C /* LandmarksApp.swift */; };
		EB863E4A2BE1F9BD00DE425C /* ContentView.swift in Sources */ = {isa = PBXBuildFile; fileRef = EB863E492BE1F9BD00DE425C /* ContentView.swift */; };
		EB863E4C2BE1F9C100DE425C /* Assets.xcassets in Resources */ = {isa = PBXBuildFile; fileRef = EB863E4B2BE1F9C100DE425C /* Assets.xcassets */; };
		EB863E4F2BE1F9C100DE425C /* Preview Assets.xcassets in Resources */ = {isa = PBXBuildFile; fileRef = EB863E4E2BE1F9C100DE425C /* Preview Assets.xcassets */; };
		EB863E592BE1F9C200DE425C /* LandmarksTests.swift in Sources */ = {isa = PBXBuildFile; fileRef = EB863E582BE1F9C200DE425C /* LandmarksTests.swift */; };
		EB863E632BE1F9C200DE425C /* LandmarksUITests.swift in Sources */ = {isa = PBXBuildFile; fileRef = EB863E622BE1F9C200DE425C /* LandmarksUITests.swift */; };
		EB863E652BE1F9C200DE425C /* LandmarksUITestsLaunchTests.swift in Sources */ = {isa = PBXBuildFile; fileRef = EB863E642BE1F9C200DE425C /* LandmarksUITestsLaunchTests.swift */; };
		EB94E3AC2BEB3045008D771D /* LandmarkRow.swift in Sources */ = {isa = PBXBuildFile; fileRef = EB94E3AB2BEB3045008D771D /* LandmarkRow.swift */; };
		EB94E3AE2BEB319D008D771D /* LandmarkList.swift in Sources */ = {isa = PBXBuildFile; fileRef = EB94E3AD2BEB319D008D771D /* LandmarkList.swift */; };
		EB94E3B02BEB32C4008D771D /* LandmarkDetail.swift in Sources */ = {isa = PBXBuildFile; fileRef = EB94E3AF2BEB32C4008D771D /* LandmarkDetail.swift */; };
		EBAB04BA2BEDD46D00EE3FF3 /* hikeData.json in Resources */ = {isa = PBXBuildFile; fileRef = EBAB04B92BEDD46C00EE3FF3 /* hikeData.json */; };
		EBAB04BC2BEDD67400EE3FF3 /* Hike.swift in Sources */ = {isa = PBXBuildFile; fileRef = EBAB04BB2BEDD67400EE3FF3 /* Hike.swift */; };
		EBAB04BE2BEDD76A00EE3FF3 /* HikeView.swift in Sources */ = {isa = PBXBuildFile; fileRef = EBAB04BD2BEDD76A00EE3FF3 /* HikeView.swift */; };
		EBAB04C82BEDD8EC00EE3FF3 /* HikeDetail.swift in Sources */ = {isa = PBXBuildFile; fileRef = EBAB04C62BEDD8EC00EE3FF3 /* HikeDetail.swift */; };
		EBAB04C92BEDD8EC00EE3FF3 /* HikeGraph.swift in Sources */ = {isa = PBXBuildFile; fileRef = EBAB04C72BEDD8EC00EE3FF3 /* HikeGraph.swift */; };
		EBAB04CB2BEDD92100EE3FF3 /* GraphCapsule.swift in Sources */ = {isa = PBXBuildFile; fileRef = EBAB04CA2BEDD92100EE3FF3 /* GraphCapsule.swift */; };
		EBB6A3C02BEA9EBF00B2A5C6 /* MapView.swift in Sources */ = {isa = PBXBuildFile; fileRef = EBB6A3BF2BEA9EBF00B2A5C6 /* MapView.swift */; };
		EBB6A3C22BEAA1C600B2A5C6 /* landmarksData.json in Resources */ = {isa = PBXBuildFile; fileRef = EBB6A3C12BEAA1C600B2A5C6 /* landmarksData.json */; };
		EBB6A3C42BEAA1F000B2A5C6 /* Landmark.swift in Sources */ = {isa = PBXBuildFile; fileRef = EBB6A3C32BEAA1F000B2A5C6 /* Landmark.swift */; };
		EBB6A3C62BEAA37000B2A5C6 /* ModelData.swift in Sources */ = {isa = PBXBuildFile; fileRef = EBB6A3C52BEAA37000B2A5C6 /* ModelData.swift */; };
		EBD1409C2BF70F6800CBEFBF /* PageControl.swift in Sources */ = {isa = PBXBuildFile; fileRef = EBD1409B2BF70F6800CBEFBF /* PageControl.swift */; };
		EBD140A62BF711FC00CBEFBF /* ContentView.swift in Sources */ = {isa = PBXBuildFile; fileRef = EBD140A52BF711FC00CBEFBF /* ContentView.swift */; };
		EBD140A82BF711FF00CBEFBF /* Assets.xcassets in Resources */ = {isa = PBXBuildFile; fileRef = EBD140A72BF711FF00CBEFBF /* Assets.xcassets */; };
		EBD140AB2BF711FF00CBEFBF /* Preview Assets.xcassets in Resources */ = {isa = PBXBuildFile; fileRef = EBD140AA2BF711FF00CBEFBF /* Preview Assets.xcassets */; };
		EBD140B52BF7120000CBEFBF /* Landmarks_Watch_AppTests.swift in Sources */ = {isa = PBXBuildFile; fileRef = EBD140B42BF7120000CBEFBF /* Landmarks_Watch_AppTests.swift */; };
		EBD140BF2BF7120000CBEFBF /* Landmarks_Watch_AppUITests.swift in Sources */ = {isa = PBXBuildFile; fileRef = EBD140BE2BF7120000CBEFBF /* Landmarks_Watch_AppUITests.swift */; };
		EBD140C12BF7120000CBEFBF /* Landmarks_Watch_AppUITestsLaunchTests.swift in Sources */ = {isa = PBXBuildFile; fileRef = EBD140C02BF7120000CBEFBF /* Landmarks_Watch_AppUITestsLaunchTests.swift */; };
		EBD140CB2BF712D500CBEFBF /* landmarksData.json in Resources */ = {isa = PBXBuildFile; fileRef = EBB6A3C12BEAA1C600B2A5C6 /* landmarksData.json */; };
		EBD140CC2BF712D500CBEFBF /* Assets.xcassets in Resources */ = {isa = PBXBuildFile; fileRef = EB863E4B2BE1F9C100DE425C /* Assets.xcassets */; };
		EBD140CD2BF712D500CBEFBF /* hikeData.json in Resources */ = {isa = PBXBuildFile; fileRef = EBAB04B92BEDD46C00EE3FF3 /* hikeData.json */; };
		EBD140CE2BF712D500CBEFBF /* Landmark.swift in Sources */ = {isa = PBXBuildFile; fileRef = EBB6A3C32BEAA1F000B2A5C6 /* Landmark.swift */; };
		EBD140CF2BF712D500CBEFBF /* LandmarkList.swift in Sources */ = {isa = PBXBuildFile; fileRef = EB94E3AD2BEB319D008D771D /* LandmarkList.swift */; };
		EBD140D02BF712D500CBEFBF /* Profile.swift in Sources */ = {isa = PBXBuildFile; fileRef = EB25098F2BF474EC00CE53F2 /* Profile.swift */; };
		EBD140D12BF712D500CBEFBF /* ModelData.swift in Sources */ = {isa = PBXBuildFile; fileRef = EBB6A3C52BEAA37000B2A5C6 /* ModelData.swift */; };
		EBD140D22BF712D500CBEFBF /* LandmarksApp.swift in Sources */ = {isa = PBXBuildFile; fileRef = EB863E472BE1F9BD00DE425C /* LandmarksApp.swift */; };
		EBD140D32BF712D500CBEFBF /* Hike.swift in Sources */ = {isa = PBXBuildFile; fileRef = EBAB04BB2BEDD67400EE3FF3 /* Hike.swift */; };
		EBD140D42BF712D500CBEFBF /* LandmarkRow.swift in Sources */ = {isa = PBXBuildFile; fileRef = EB94E3AB2BEB3045008D771D /* LandmarkRow.swift */; };
		EBD140D52BF712D500CBEFBF /* MapView.swift in Sources */ = {isa = PBXBuildFile; fileRef = EBB6A3BF2BEA9EBF00B2A5C6 /* MapView.swift */; };
		EBD140D62BF712D500CBEFBF /* CircleImage.swift in Sources */ = {isa = PBXBuildFile; fileRef = EB7BBB932BE2016B00B6A0AB /* CircleImage.swift */; };
		EBD140D82BF7134A00CBEFBF /* LandmarkDetail.swift in Sources */ = {isa = PBXBuildFile; fileRef = EBD140D72BF7134A00CBEFBF /* LandmarkDetail.swift */; };
		EBF6A20C2BFDA4FB00C5CA6E /* NotificationView.swift in Sources */ = {isa = PBXBuildFile; fileRef = EBF6A20B2BFDA4FB00C5CA6E /* NotificationView.swift */; };
		EBF6A20E2BFDA5B000C5CA6E /* NotificationController.swift in Sources */ = {isa = PBXBuildFile; fileRef = EBF6A20D2BFDA5B000C5CA6E /* NotificationController.swift */; };
		EBF836142BECDF5700B0D057 /* HexagonParameters.swift in Sources */ = {isa = PBXBuildFile; fileRef = EBF836132BECDF5700B0D057 /* HexagonParameters.swift */; };
		EBF836162BECE0C800B0D057 /* BadgeBackground.swift in Sources */ = {isa = PBXBuildFile; fileRef = EBF836152BECE0C800B0D057 /* BadgeBackground.swift */; };
		EBF836182BECE46A00B0D057 /* BadgeSymbol.swift in Sources */ = {isa = PBXBuildFile; fileRef = EBF836172BECE46A00B0D057 /* BadgeSymbol.swift */; };
		EBF8361A2BECE5DA00B0D057 /* RotatedBadgeSymbol.swift in Sources */ = {isa = PBXBuildFile; fileRef = EBF836192BECE5DA00B0D057 /* RotatedBadgeSymbol.swift */; };
		EBF8361C2BECE65F00B0D057 /* Badge.swift in Sources */ = {isa = PBXBuildFile; fileRef = EBF8361B2BECE65F00B0D057 /* Badge.swift */; };
		EBFEBFDF2BEB613E00BE44D8 /* FavoriteButton.swift in Sources */ = {isa = PBXBuildFile; fileRef = EBFEBFDE2BEB613E00BE44D8 /* FavoriteButton.swift */; };
/* End PBXBuildFile section */

/* Begin PBXContainerItemProxy section */
		EB863E552BE1F9C200DE425C /* PBXContainerItemProxy */ = {
			isa = PBXContainerItemProxy;
			containerPortal = EB863E3C2BE1F9BD00DE425C /* Project object */;
			proxyType = 1;
			remoteGlobalIDString = EB863E432BE1F9BD00DE425C;
			remoteInfo = Landmarks;
		};
		EB863E5F2BE1F9C200DE425C /* PBXContainerItemProxy */ = {
			isa = PBXContainerItemProxy;
			containerPortal = EB863E3C2BE1F9BD00DE425C /* Project object */;
			proxyType = 1;
			remoteGlobalIDString = EB863E432BE1F9BD00DE425C;
			remoteInfo = Landmarks;
		};
		EBD140B12BF7120000CBEFBF /* PBXContainerItemProxy */ = {
			isa = PBXContainerItemProxy;
			containerPortal = EB863E3C2BE1F9BD00DE425C /* Project object */;
			proxyType = 1;
			remoteGlobalIDString = EBD140A02BF711FC00CBEFBF;
			remoteInfo = "Landmarks Watch App";
		};
		EBD140BB2BF7120000CBEFBF /* PBXContainerItemProxy */ = {
			isa = PBXContainerItemProxy;
			containerPortal = EB863E3C2BE1F9BD00DE425C /* Project object */;
			proxyType = 1;
			remoteGlobalIDString = EBD140A02BF711FC00CBEFBF;
			remoteInfo = "Landmarks Watch App";
		};
/* End PBXContainerItemProxy section */

/* Begin PBXFileReference section */
		EB2509892BF46C7F00CE53F2 /* CategoryHome.swift */ = {isa = PBXFileReference; lastKnownFileType = sourcecode.swift; path = CategoryHome.swift; sourceTree = "<group>"; };
		EB25098B2BF46F0400CE53F2 /* CategoryRow.swift */ = {isa = PBXFileReference; lastKnownFileType = sourcecode.swift; path = CategoryRow.swift; sourceTree = "<group>"; };
		EB25098D2BF470A600CE53F2 /* CategoryItem.swift */ = {isa = PBXFileReference; lastKnownFileType = sourcecode.swift; path = CategoryItem.swift; sourceTree = "<group>"; };
		EB25098F2BF474EC00CE53F2 /* Profile.swift */ = {isa = PBXFileReference; lastKnownFileType = sourcecode.swift; path = Profile.swift; sourceTree = "<group>"; };
		EB2509922BF475CA00CE53F2 /* ProfileHost.swift */ = {isa = PBXFileReference; lastKnownFileType = sourcecode.swift; path = ProfileHost.swift; sourceTree = "<group>"; };
		EB2509942BF4760800CE53F2 /* ProfileSummary.swift */ = {isa = PBXFileReference; lastKnownFileType = sourcecode.swift; path = ProfileSummary.swift; sourceTree = "<group>"; };
		EB2509972BF4771800CE53F2 /* HikeBadge.swift */ = {isa = PBXFileReference; lastKnownFileType = sourcecode.swift; path = HikeBadge.swift; sourceTree = "<group>"; };
		EB7BBB932BE2016B00B6A0AB /* CircleImage.swift */ = {isa = PBXFileReference; lastKnownFileType = sourcecode.swift; path = CircleImage.swift; sourceTree = "<group>"; };
		EB7C2DF22BF618B9001C5701 /* ProfileEditor.swift */ = {isa = PBXFileReference; lastKnownFileType = sourcecode.swift; path = ProfileEditor.swift; sourceTree = "<group>"; };
		EB7C2DF42BF61FD3001C5701 /* PageViewController.swift */ = {isa = PBXFileReference; lastKnownFileType = sourcecode.swift; path = PageViewController.swift; sourceTree = "<group>"; };
		EB7C2DF62BF6214D001C5701 /* PageView.swift */ = {isa = PBXFileReference; lastKnownFileType = sourcecode.swift; path = PageView.swift; sourceTree = "<group>"; };
		EB7C2DF82BF6216F001C5701 /* FeatureCard.swift */ = {isa = PBXFileReference; lastKnownFileType = sourcecode.swift; path = FeatureCard.swift; sourceTree = "<group>"; };
		EB863E442BE1F9BD00DE425C /* Landmarks.app */ = {isa = PBXFileReference; explicitFileType = wrapper.application; includeInIndex = 0; path = Landmarks.app; sourceTree = BUILT_PRODUCTS_DIR; };
		EB863E472BE1F9BD00DE425C /* LandmarksApp.swift */ = {isa = PBXFileReference; lastKnownFileType = sourcecode.swift; path = LandmarksApp.swift; sourceTree = "<group>"; };
		EB863E492BE1F9BD00DE425C /* ContentView.swift */ = {isa = PBXFileReference; lastKnownFileType = sourcecode.swift; path = ContentView.swift; sourceTree = "<group>"; };
		EB863E4B2BE1F9C100DE425C /* Assets.xcassets */ = {isa = PBXFileReference; lastKnownFileType = folder.assetcatalog; path = Assets.xcassets; sourceTree = "<group>"; };
		EB863E4E2BE1F9C100DE425C /* Preview Assets.xcassets */ = {isa = PBXFileReference; lastKnownFileType = folder.assetcatalog; path = "Preview Assets.xcassets"; sourceTree = "<group>"; };
		EB863E542BE1F9C200DE425C /* LandmarksTests.xctest */ = {isa = PBXFileReference; explicitFileType = wrapper.cfbundle; includeInIndex = 0; path = LandmarksTests.xctest; sourceTree = BUILT_PRODUCTS_DIR; };
		EB863E582BE1F9C200DE425C /* LandmarksTests.swift */ = {isa = PBXFileReference; lastKnownFileType = sourcecode.swift; path = LandmarksTests.swift; sourceTree = "<group>"; };
		EB863E5E2BE1F9C200DE425C /* LandmarksUITests.xctest */ = {isa = PBXFileReference; explicitFileType = wrapper.cfbundle; includeInIndex = 0; path = LandmarksUITests.xctest; sourceTree = BUILT_PRODUCTS_DIR; };
		EB863E622BE1F9C200DE425C /* LandmarksUITests.swift */ = {isa = PBXFileReference; lastKnownFileType = sourcecode.swift; path = LandmarksUITests.swift; sourceTree = "<group>"; };
		EB863E642BE1F9C200DE425C /* LandmarksUITestsLaunchTests.swift */ = {isa = PBXFileReference; lastKnownFileType = sourcecode.swift; path = LandmarksUITestsLaunchTests.swift; sourceTree = "<group>"; };
		EB94E3AB2BEB3045008D771D /* LandmarkRow.swift */ = {isa = PBXFileReference; lastKnownFileType = sourcecode.swift; path = LandmarkRow.swift; sourceTree = "<group>"; };
		EB94E3AD2BEB319D008D771D /* LandmarkList.swift */ = {isa = PBXFileReference; lastKnownFileType = sourcecode.swift; path = LandmarkList.swift; sourceTree = "<group>"; };
		EB94E3AF2BEB32C4008D771D /* LandmarkDetail.swift */ = {isa = PBXFileReference; lastKnownFileType = sourcecode.swift; path = LandmarkDetail.swift; sourceTree = "<group>"; };
		EBAB04B92BEDD46C00EE3FF3 /* hikeData.json */ = {isa = PBXFileReference; fileEncoding = 4; lastKnownFileType = text.json; path = hikeData.json; sourceTree = "<group>"; };
		EBAB04BB2BEDD67400EE3FF3 /* Hike.swift */ = {isa = PBXFileReference; lastKnownFileType = sourcecode.swift; path = Hike.swift; sourceTree = "<group>"; };
		EBAB04BD2BEDD76A00EE3FF3 /* HikeView.swift */ = {isa = PBXFileReference; lastKnownFileType = sourcecode.swift; path = HikeView.swift; sourceTree = "<group>"; };
		EBAB04C62BEDD8EC00EE3FF3 /* HikeDetail.swift */ = {isa = PBXFileReference; fileEncoding = 4; lastKnownFileType = sourcecode.swift; path = HikeDetail.swift; sourceTree = "<group>"; };
		EBAB04C72BEDD8EC00EE3FF3 /* HikeGraph.swift */ = {isa = PBXFileReference; fileEncoding = 4; lastKnownFileType = sourcecode.swift; path = HikeGraph.swift; sourceTree = "<group>"; };
		EBAB04CA2BEDD92100EE3FF3 /* GraphCapsule.swift */ = {isa = PBXFileReference; fileEncoding = 4; lastKnownFileType = sourcecode.swift; path = GraphCapsule.swift; sourceTree = "<group>"; };
		EBB6A3BF2BEA9EBF00B2A5C6 /* MapView.swift */ = {isa = PBXFileReference; lastKnownFileType = sourcecode.swift; path = MapView.swift; sourceTree = "<group>"; };
		EBB6A3C12BEAA1C600B2A5C6 /* landmarksData.json */ = {isa = PBXFileReference; fileEncoding = 4; lastKnownFileType = text.json; path = landmarksData.json; sourceTree = "<group>"; };
		EBB6A3C32BEAA1F000B2A5C6 /* Landmark.swift */ = {isa = PBXFileReference; lastKnownFileType = sourcecode.swift; path = Landmark.swift; sourceTree = "<group>"; };
		EBB6A3C52BEAA37000B2A5C6 /* ModelData.swift */ = {isa = PBXFileReference; lastKnownFileType = sourcecode.swift; path = ModelData.swift; sourceTree = "<group>"; };
		EBD1409B2BF70F6800CBEFBF /* PageControl.swift */ = {isa = PBXFileReference; lastKnownFileType = sourcecode.swift; path = PageControl.swift; sourceTree = "<group>"; };
		EBD140A12BF711FC00CBEFBF /* Landmarks Watch App.app */ = {isa = PBXFileReference; explicitFileType = wrapper.application; includeInIndex = 0; path = "Landmarks Watch App.app"; sourceTree = BUILT_PRODUCTS_DIR; };
		EBD140A52BF711FC00CBEFBF /* ContentView.swift */ = {isa = PBXFileReference; lastKnownFileType = sourcecode.swift; path = ContentView.swift; sourceTree = "<group>"; };
		EBD140A72BF711FF00CBEFBF /* Assets.xcassets */ = {isa = PBXFileReference; lastKnownFileType = folder.assetcatalog; path = Assets.xcassets; sourceTree = "<group>"; };
		EBD140AA2BF711FF00CBEFBF /* Preview Assets.xcassets */ = {isa = PBXFileReference; lastKnownFileType = folder.assetcatalog; path = "Preview Assets.xcassets"; sourceTree = "<group>"; };
		EBD140B02BF7120000CBEFBF /* Landmarks Watch AppTests.xctest */ = {isa = PBXFileReference; explicitFileType = wrapper.cfbundle; includeInIndex = 0; path = "Landmarks Watch AppTests.xctest"; sourceTree = BUILT_PRODUCTS_DIR; };
		EBD140B42BF7120000CBEFBF /* Landmarks_Watch_AppTests.swift */ = {isa = PBXFileReference; lastKnownFileType = sourcecode.swift; path = Landmarks_Watch_AppTests.swift; sourceTree = "<group>"; };
		EBD140BA2BF7120000CBEFBF /* Landmarks Watch AppUITests.xctest */ = {isa = PBXFileReference; explicitFileType = wrapper.cfbundle; includeInIndex = 0; path = "Landmarks Watch AppUITests.xctest"; sourceTree = BUILT_PRODUCTS_DIR; };
		EBD140BE2BF7120000CBEFBF /* Landmarks_Watch_AppUITests.swift */ = {isa = PBXFileReference; lastKnownFileType = sourcecode.swift; path = Landmarks_Watch_AppUITests.swift; sourceTree = "<group>"; };
		EBD140C02BF7120000CBEFBF /* Landmarks_Watch_AppUITestsLaunchTests.swift */ = {isa = PBXFileReference; lastKnownFileType = sourcecode.swift; path = Landmarks_Watch_AppUITestsLaunchTests.swift; sourceTree = "<group>"; };
		EBD140D72BF7134A00CBEFBF /* LandmarkDetail.swift */ = {isa = PBXFileReference; lastKnownFileType = sourcecode.swift; path = LandmarkDetail.swift; sourceTree = "<group>"; };
		EBF6A20B2BFDA4FB00C5CA6E /* NotificationView.swift */ = {isa = PBXFileReference; lastKnownFileType = sourcecode.swift; path = NotificationView.swift; sourceTree = "<group>"; };
		EBF6A20D2BFDA5B000C5CA6E /* NotificationController.swift */ = {isa = PBXFileReference; lastKnownFileType = sourcecode.swift; path = NotificationController.swift; sourceTree = "<group>"; };
		EBF6A20F2BFDA89300C5CA6E /* PushNotificationPayload.apns */ = {isa = PBXFileReference; lastKnownFileType = text; path = PushNotificationPayload.apns; sourceTree = "<group>"; };
		EBF836132BECDF5700B0D057 /* HexagonParameters.swift */ = {isa = PBXFileReference; lastKnownFileType = sourcecode.swift; path = HexagonParameters.swift; sourceTree = "<group>"; };
		EBF836152BECE0C800B0D057 /* BadgeBackground.swift */ = {isa = PBXFileReference; lastKnownFileType = sourcecode.swift; path = BadgeBackground.swift; sourceTree = "<group>"; };
		EBF836172BECE46A00B0D057 /* BadgeSymbol.swift */ = {isa = PBXFileReference; lastKnownFileType = sourcecode.swift; path = BadgeSymbol.swift; sourceTree = "<group>"; };
		EBF836192BECE5DA00B0D057 /* RotatedBadgeSymbol.swift */ = {isa = PBXFileReference; lastKnownFileType = sourcecode.swift; path = RotatedBadgeSymbol.swift; sourceTree = "<group>"; };
		EBF8361B2BECE65F00B0D057 /* Badge.swift */ = {isa = PBXFileReference; lastKnownFileType = sourcecode.swift; path = Badge.swift; sourceTree = "<group>"; };
		EBFEBFDE2BEB613E00BE44D8 /* FavoriteButton.swift */ = {isa = PBXFileReference; lastKnownFileType = sourcecode.swift; path = FavoriteButton.swift; sourceTree = "<group>"; };
/* End PBXFileReference section */

/* Begin PBXFrameworksBuildPhase section */
		EB863E412BE1F9BD00DE425C /* Frameworks */ = {
			isa = PBXFrameworksBuildPhase;
			buildActionMask = 2147483647;
			files = (
			);
			runOnlyForDeploymentPostprocessing = 0;
		};
		EB863E512BE1F9C200DE425C /* Frameworks */ = {
			isa = PBXFrameworksBuildPhase;
			buildActionMask = 2147483647;
			files = (
			);
			runOnlyForDeploymentPostprocessing = 0;
		};
		EB863E5B2BE1F9C200DE425C /* Frameworks */ = {
			isa = PBXFrameworksBuildPhase;
			buildActionMask = 2147483647;
			files = (
			);
			runOnlyForDeploymentPostprocessing = 0;
		};
		EBD1409E2BF711FC00CBEFBF /* Frameworks */ = {
			isa = PBXFrameworksBuildPhase;
			buildActionMask = 2147483647;
			files = (
			);
			runOnlyForDeploymentPostprocessing = 0;
		};
		EBD140AD2BF7120000CBEFBF /* Frameworks */ = {
			isa = PBXFrameworksBuildPhase;
			buildActionMask = 2147483647;
			files = (
			);
			runOnlyForDeploymentPostprocessing = 0;
		};
		EBD140B72BF7120000CBEFBF /* Frameworks */ = {
			isa = PBXFrameworksBuildPhase;
			buildActionMask = 2147483647;
			files = (
			);
			runOnlyForDeploymentPostprocessing = 0;
		};
/* End PBXFrameworksBuildPhase section */

/* Begin PBXGroup section */
		EB2509882BF46C6700CE53F2 /* Categories */ = {
			isa = PBXGroup;
			children = (
				EB2509892BF46C7F00CE53F2 /* CategoryHome.swift */,
				EB25098B2BF46F0400CE53F2 /* CategoryRow.swift */,
				EB25098D2BF470A600CE53F2 /* CategoryItem.swift */,
			);
			path = Categories;
			sourceTree = "<group>";
		};
		EB2509912BF475BC00CE53F2 /* Profiles */ = {
			isa = PBXGroup;
			children = (
				EB2509922BF475CA00CE53F2 /* ProfileHost.swift */,
				EB2509942BF4760800CE53F2 /* ProfileSummary.swift */,
				EB7C2DF22BF618B9001C5701 /* ProfileEditor.swift */,
			);
			path = Profiles;
			sourceTree = "<group>";
		};
		EB2509962BF476C900CE53F2 /* Badges */ = {
			isa = PBXGroup;
			children = (
				EBF836132BECDF5700B0D057 /* HexagonParameters.swift */,
				EBF836152BECE0C800B0D057 /* BadgeBackground.swift */,
				EBF836172BECE46A00B0D057 /* BadgeSymbol.swift */,
				EBF836192BECE5DA00B0D057 /* RotatedBadgeSymbol.swift */,
				EBF8361B2BECE65F00B0D057 /* Badge.swift */,
				EB2509972BF4771800CE53F2 /* HikeBadge.swift */,
			);
			path = Badges;
			sourceTree = "<group>";
		};
		EB863E3B2BE1F9BD00DE425C = {
			isa = PBXGroup;
			children = (
				EB863E462BE1F9BD00DE425C /* Landmarks */,
				EB863E572BE1F9C200DE425C /* LandmarksTests */,
				EB863E612BE1F9C200DE425C /* LandmarksUITests */,
				EBD140A22BF711FC00CBEFBF /* Landmarks Watch App */,
				EBD140B32BF7120000CBEFBF /* Landmarks Watch AppTests */,
				EBD140BD2BF7120000CBEFBF /* Landmarks Watch AppUITests */,
				EB863E452BE1F9BD00DE425C /* Products */,
			);
			sourceTree = "<group>";
		};
		EB863E452BE1F9BD00DE425C /* Products */ = {
			isa = PBXGroup;
			children = (
				EB863E442BE1F9BD00DE425C /* Landmarks.app */,
				EB863E542BE1F9C200DE425C /* LandmarksTests.xctest */,
				EB863E5E2BE1F9C200DE425C /* LandmarksUITests.xctest */,
				EBD140A12BF711FC00CBEFBF /* Landmarks Watch App.app */,
				EBD140B02BF7120000CBEFBF /* Landmarks Watch AppTests.xctest */,
				EBD140BA2BF7120000CBEFBF /* Landmarks Watch AppUITests.xctest */,
			);
			name = Products;
			sourceTree = "<group>";
		};
		EB863E462BE1F9BD00DE425C /* Landmarks */ = {
			isa = PBXGroup;
			children = (
				EB863E472BE1F9BD00DE425C /* LandmarksApp.swift */,
				EB94E3A82BEB2EFE008D771D /* Views */,
				EB94E3A92BEB2F2B008D771D /* Model */,
				EBFEBFDD2BEB5A5F00BE44D8 /* Resources */,
				EB863E4B2BE1F9C100DE425C /* Assets.xcassets */,
				EB863E4D2BE1F9C100DE425C /* Preview Content */,
			);
			path = Landmarks;
			sourceTree = "<group>";
		};
		EB863E4D2BE1F9C100DE425C /* Preview Content */ = {
			isa = PBXGroup;
			children = (
				EB863E4E2BE1F9C100DE425C /* Preview Assets.xcassets */,
			);
			path = "Preview Content";
			sourceTree = "<group>";
		};
		EB863E572BE1F9C200DE425C /* LandmarksTests */ = {
			isa = PBXGroup;
			children = (
				EB863E582BE1F9C200DE425C /* LandmarksTests.swift */,
			);
			path = LandmarksTests;
			sourceTree = "<group>";
		};
		EB863E612BE1F9C200DE425C /* LandmarksUITests */ = {
			isa = PBXGroup;
			children = (
				EB863E622BE1F9C200DE425C /* LandmarksUITests.swift */,
				EB863E642BE1F9C200DE425C /* LandmarksUITestsLaunchTests.swift */,
			);
			path = LandmarksUITests;
			sourceTree = "<group>";
		};
		EB94E3A82BEB2EFE008D771D /* Views */ = {
			isa = PBXGroup;
			children = (
				EB2509962BF476C900CE53F2 /* Badges */,
				EB2509912BF475BC00CE53F2 /* Profiles */,
				EB2509882BF46C6700CE53F2 /* Categories */,
				EBAB04C52BEDD83E00EE3FF3 /* Hike */,
				EBF836122BECDD6200B0D057 /* Components */,
				EBF836112BECDD4F00B0D057 /* Landmarks */,
				EB863E492BE1F9BD00DE425C /* ContentView.swift */,
				EB7C2DF42BF61FD3001C5701 /* PageViewController.swift */,
				EB7C2DF62BF6214D001C5701 /* PageView.swift */,
				EB7C2DF82BF6216F001C5701 /* FeatureCard.swift */,
				EBD1409B2BF70F6800CBEFBF /* PageControl.swift */,
			);
			path = Views;
			sourceTree = "<group>";
		};
		EB94E3A92BEB2F2B008D771D /* Model */ = {
			isa = PBXGroup;
			children = (
				EBB6A3C32BEAA1F000B2A5C6 /* Landmark.swift */,
				EBB6A3C52BEAA37000B2A5C6 /* ModelData.swift */,
				EBAB04BB2BEDD67400EE3FF3 /* Hike.swift */,
				EB25098F2BF474EC00CE53F2 /* Profile.swift */,
			);
			path = Model;
			sourceTree = "<group>";
		};
		EBAB04C52BEDD83E00EE3FF3 /* Hike */ = {
			isa = PBXGroup;
			children = (
				EBAB04CA2BEDD92100EE3FF3 /* GraphCapsule.swift */,
				EBAB04C62BEDD8EC00EE3FF3 /* HikeDetail.swift */,
				EBAB04C72BEDD8EC00EE3FF3 /* HikeGraph.swift */,
				EBAB04BD2BEDD76A00EE3FF3 /* HikeView.swift */,
			);
			path = Hike;
			sourceTree = "<group>";
		};
		EBD140A22BF711FC00CBEFBF /* Landmarks Watch App */ = {
			isa = PBXGroup;
			children = (
				EBD140A52BF711FC00CBEFBF /* ContentView.swift */,
				EBD140A72BF711FF00CBEFBF /* Assets.xcassets */,
				EBD140A92BF711FF00CBEFBF /* Preview Content */,
				EBD140D72BF7134A00CBEFBF /* LandmarkDetail.swift */,
				EBF6A20B2BFDA4FB00C5CA6E /* NotificationView.swift */,
				EBF6A20D2BFDA5B000C5CA6E /* NotificationController.swift */,
				EBF6A20F2BFDA89300C5CA6E /* PushNotificationPayload.apns */,
			);
			path = "Landmarks Watch App";
			sourceTree = "<group>";
		};
		EBD140A92BF711FF00CBEFBF /* Preview Content */ = {
			isa = PBXGroup;
			children = (
				EBD140AA2BF711FF00CBEFBF /* Preview Assets.xcassets */,
			);
			path = "Preview Content";
			sourceTree = "<group>";
		};
		EBD140B32BF7120000CBEFBF /* Landmarks Watch AppTests */ = {
			isa = PBXGroup;
			children = (
				EBD140B42BF7120000CBEFBF /* Landmarks_Watch_AppTests.swift */,
			);
			path = "Landmarks Watch AppTests";
			sourceTree = "<group>";
		};
		EBD140BD2BF7120000CBEFBF /* Landmarks Watch AppUITests */ = {
			isa = PBXGroup;
			children = (
				EBD140BE2BF7120000CBEFBF /* Landmarks_Watch_AppUITests.swift */,
				EBD140C02BF7120000CBEFBF /* Landmarks_Watch_AppUITestsLaunchTests.swift */,
			);
			path = "Landmarks Watch AppUITests";
			sourceTree = "<group>";
		};
		EBF836112BECDD4F00B0D057 /* Landmarks */ = {
			isa = PBXGroup;
			children = (
				EB94E3AB2BEB3045008D771D /* LandmarkRow.swift */,
				EB94E3AD2BEB319D008D771D /* LandmarkList.swift */,
				EB94E3AF2BEB32C4008D771D /* LandmarkDetail.swift */,
			);
			path = Landmarks;
			sourceTree = "<group>";
		};
		EBF836122BECDD6200B0D057 /* Components */ = {
			isa = PBXGroup;
			children = (
				EB7BBB932BE2016B00B6A0AB /* CircleImage.swift */,
				EBFEBFDE2BEB613E00BE44D8 /* FavoriteButton.swift */,
				EBB6A3BF2BEA9EBF00B2A5C6 /* MapView.swift */,
			);
			path = Components;
			sourceTree = "<group>";
		};
		EBFEBFDD2BEB5A5F00BE44D8 /* Resources */ = {
			isa = PBXGroup;
			children = (
				EBAB04B92BEDD46C00EE3FF3 /* hikeData.json */,
				EBB6A3C12BEAA1C600B2A5C6 /* landmarksData.json */,
			);
			path = Resources;
			sourceTree = "<group>";
		};
/* End PBXGroup section */

/* Begin PBXNativeTarget section */
		EB863E432BE1F9BD00DE425C /* Landmarks */ = {
			isa = PBXNativeTarget;
			buildConfigurationList = EB863E682BE1F9C200DE425C /* Build configuration list for PBXNativeTarget "Landmarks" */;
			buildPhases = (
				EB863E402BE1F9BD00DE425C /* Sources */,
				EB863E412BE1F9BD00DE425C /* Frameworks */,
				EB863E422BE1F9BD00DE425C /* Resources */,
			);
			buildRules = (
			);
			dependencies = (
			);
			name = Landmarks;
			productName = Landmarks;
			productReference = EB863E442BE1F9BD00DE425C /* Landmarks.app */;
			productType = "com.apple.product-type.application";
		};
		EB863E532BE1F9C200DE425C /* LandmarksTests */ = {
			isa = PBXNativeTarget;
			buildConfigurationList = EB863E6B2BE1F9C200DE425C /* Build configuration list for PBXNativeTarget "LandmarksTests" */;
			buildPhases = (
				EB863E502BE1F9C200DE425C /* Sources */,
				EB863E512BE1F9C200DE425C /* Frameworks */,
				EB863E522BE1F9C200DE425C /* Resources */,
			);
			buildRules = (
			);
			dependencies = (
				EB863E562BE1F9C200DE425C /* PBXTargetDependency */,
			);
			name = LandmarksTests;
			productName = LandmarksTests;
			productReference = EB863E542BE1F9C200DE425C /* LandmarksTests.xctest */;
			productType = "com.apple.product-type.bundle.unit-test";
		};
		EB863E5D2BE1F9C200DE425C /* LandmarksUITests */ = {
			isa = PBXNativeTarget;
			buildConfigurationList = EB863E6E2BE1F9C200DE425C /* Build configuration list for PBXNativeTarget "LandmarksUITests" */;
			buildPhases = (
				EB863E5A2BE1F9C200DE425C /* Sources */,
				EB863E5B2BE1F9C200DE425C /* Frameworks */,
				EB863E5C2BE1F9C200DE425C /* Resources */,
			);
			buildRules = (
			);
			dependencies = (
				EB863E602BE1F9C200DE425C /* PBXTargetDependency */,
			);
			name = LandmarksUITests;
			productName = LandmarksUITests;
			productReference = EB863E5E2BE1F9C200DE425C /* LandmarksUITests.xctest */;
			productType = "com.apple.product-type.bundle.ui-testing";
		};
		EBD140A02BF711FC00CBEFBF /* Landmarks Watch App */ = {
			isa = PBXNativeTarget;
			buildConfigurationList = EBD140C22BF7120000CBEFBF /* Build configuration list for PBXNativeTarget "Landmarks Watch App" */;
			buildPhases = (
				EBD1409D2BF711FC00CBEFBF /* Sources */,
				EBD1409E2BF711FC00CBEFBF /* Frameworks */,
				EBD1409F2BF711FC00CBEFBF /* Resources */,
			);
			buildRules = (
			);
			dependencies = (
			);
			name = "Landmarks Watch App";
			productName = "Landmarks Watch App";
			productReference = EBD140A12BF711FC00CBEFBF /* Landmarks Watch App.app */;
			productType = "com.apple.product-type.application";
		};
		EBD140AF2BF7120000CBEFBF /* Landmarks Watch AppTests */ = {
			isa = PBXNativeTarget;
			buildConfigurationList = EBD140C52BF7120000CBEFBF /* Build configuration list for PBXNativeTarget "Landmarks Watch AppTests" */;
			buildPhases = (
				EBD140AC2BF7120000CBEFBF /* Sources */,
				EBD140AD2BF7120000CBEFBF /* Frameworks */,
				EBD140AE2BF7120000CBEFBF /* Resources */,
			);
			buildRules = (
			);
			dependencies = (
				EBD140B22BF7120000CBEFBF /* PBXTargetDependency */,
			);
			name = "Landmarks Watch AppTests";
			productName = "Landmarks Watch AppTests";
			productReference = EBD140B02BF7120000CBEFBF /* Landmarks Watch AppTests.xctest */;
			productType = "com.apple.product-type.bundle.unit-test";
		};
		EBD140B92BF7120000CBEFBF /* Landmarks Watch AppUITests */ = {
			isa = PBXNativeTarget;
			buildConfigurationList = EBD140C82BF7120000CBEFBF /* Build configuration list for PBXNativeTarget "Landmarks Watch AppUITests" */;
			buildPhases = (
				EBD140B62BF7120000CBEFBF /* Sources */,
				EBD140B72BF7120000CBEFBF /* Frameworks */,
				EBD140B82BF7120000CBEFBF /* Resources */,
			);
			buildRules = (
			);
			dependencies = (
				EBD140BC2BF7120000CBEFBF /* PBXTargetDependency */,
			);
			name = "Landmarks Watch AppUITests";
			productName = "Landmarks Watch AppUITests";
			productReference = EBD140BA2BF7120000CBEFBF /* Landmarks Watch AppUITests.xctest */;
			productType = "com.apple.product-type.bundle.ui-testing";
		};
/* End PBXNativeTarget section */

/* Begin PBXProject section */
		EB863E3C2BE1F9BD00DE425C /* Project object */ = {
			isa = PBXProject;
			attributes = {
				BuildIndependentTargetsInParallel = 1;
				LastSwiftUpdateCheck = 1530;
				LastUpgradeCheck = 1530;
				TargetAttributes = {
					EB863E432BE1F9BD00DE425C = {
						CreatedOnToolsVersion = 15.3;
					};
					EB863E532BE1F9C200DE425C = {
						CreatedOnToolsVersion = 15.3;
						TestTargetID = EB863E432BE1F9BD00DE425C;
					};
					EB863E5D2BE1F9C200DE425C = {
						CreatedOnToolsVersion = 15.3;
						TestTargetID = EB863E432BE1F9BD00DE425C;
					};
					EBD140A02BF711FC00CBEFBF = {
						CreatedOnToolsVersion = 15.3;
					};
					EBD140AF2BF7120000CBEFBF = {
						CreatedOnToolsVersion = 15.3;
						TestTargetID = EBD140A02BF711FC00CBEFBF;
					};
					EBD140B92BF7120000CBEFBF = {
						CreatedOnToolsVersion = 15.3;
						TestTargetID = EBD140A02BF711FC00CBEFBF;
					};
				};
			};
			buildConfigurationList = EB863E3F2BE1F9BD00DE425C /* Build configuration list for PBXProject "Landmarks" */;
			compatibilityVersion = "Xcode 14.0";
			developmentRegion = en;
			hasScannedForEncodings = 0;
			knownRegions = (
				en,
				Base,
			);
			mainGroup = EB863E3B2BE1F9BD00DE425C;
			productRefGroup = EB863E452BE1F9BD00DE425C /* Products */;
			projectDirPath = "";
			projectRoot = "";
			targets = (
				EB863E432BE1F9BD00DE425C /* Landmarks */,
				EB863E532BE1F9C200DE425C /* LandmarksTests */,
				EB863E5D2BE1F9C200DE425C /* LandmarksUITests */,
				EBD140A02BF711FC00CBEFBF /* Landmarks Watch App */,
				EBD140AF2BF7120000CBEFBF /* Landmarks Watch AppTests */,
				EBD140B92BF7120000CBEFBF /* Landmarks Watch AppUITests */,
			);
		};
/* End PBXProject section */

/* Begin PBXResourcesBuildPhase section */
		EB863E422BE1F9BD00DE425C /* Resources */ = {
			isa = PBXResourcesBuildPhase;
			buildActionMask = 2147483647;
			files = (
				EBAB04BA2BEDD46D00EE3FF3 /* hikeData.json in Resources */,
				EB863E4F2BE1F9C100DE425C /* Preview Assets.xcassets in Resources */,
				EB863E4C2BE1F9C100DE425C /* Assets.xcassets in Resources */,
				EBB6A3C22BEAA1C600B2A5C6 /* landmarksData.json in Resources */,
			);
			runOnlyForDeploymentPostprocessing = 0;
		};
		EB863E522BE1F9C200DE425C /* Resources */ = {
			isa = PBXResourcesBuildPhase;
			buildActionMask = 2147483647;
			files = (
			);
			runOnlyForDeploymentPostprocessing = 0;
		};
		EB863E5C2BE1F9C200DE425C /* Resources */ = {
			isa = PBXResourcesBuildPhase;
			buildActionMask = 2147483647;
			files = (
			);
			runOnlyForDeploymentPostprocessing = 0;
		};
		EBD1409F2BF711FC00CBEFBF /* Resources */ = {
			isa = PBXResourcesBuildPhase;
			buildActionMask = 2147483647;
			files = (
				EBD140CB2BF712D500CBEFBF /* landmarksData.json in Resources */,
				EBD140CC2BF712D500CBEFBF /* Assets.xcassets in Resources */,
				EBD140CD2BF712D500CBEFBF /* hikeData.json in Resources */,
				EBD140AB2BF711FF00CBEFBF /* Preview Assets.xcassets in Resources */,
				EBD140A82BF711FF00CBEFBF /* Assets.xcassets in Resources */,
			);
			runOnlyForDeploymentPostprocessing = 0;
		};
		EBD140AE2BF7120000CBEFBF /* Resources */ = {
			isa = PBXResourcesBuildPhase;
			buildActionMask = 2147483647;
			files = (
			);
			runOnlyForDeploymentPostprocessing = 0;
		};
		EBD140B82BF7120000CBEFBF /* Resources */ = {
			isa = PBXResourcesBuildPhase;
			buildActionMask = 2147483647;
			files = (
			);
			runOnlyForDeploymentPostprocessing = 0;
		};
/* End PBXResourcesBuildPhase section */

/* Begin PBXSourcesBuildPhase section */
		EB863E402BE1F9BD00DE425C /* Sources */ = {
			isa = PBXSourcesBuildPhase;
			buildActionMask = 2147483647;
			files = (
				EB25098C2BF46F0400CE53F2 /* CategoryRow.swift in Sources */,
				EB2509902BF474EC00CE53F2 /* Profile.swift in Sources */,
				EBAB04CB2BEDD92100EE3FF3 /* GraphCapsule.swift in Sources */,
				EB25098A2BF46C7F00CE53F2 /* CategoryHome.swift in Sources */,
				EB863E4A2BE1F9BD00DE425C /* ContentView.swift in Sources */,
				EBF8361C2BECE65F00B0D057 /* Badge.swift in Sources */,
				EBB6A3C02BEA9EBF00B2A5C6 /* MapView.swift in Sources */,
				EB863E482BE1F9BD00DE425C /* LandmarksApp.swift in Sources */,
				EBAB04C92BEDD8EC00EE3FF3 /* HikeGraph.swift in Sources */,
				EBFEBFDF2BEB613E00BE44D8 /* FavoriteButton.swift in Sources */,
				EBD1409C2BF70F6800CBEFBF /* PageControl.swift in Sources */,
				EB7C2DF92BF6216F001C5701 /* FeatureCard.swift in Sources */,
				EB25098E2BF470A600CE53F2 /* CategoryItem.swift in Sources */,
				EBAB04BE2BEDD76A00EE3FF3 /* HikeView.swift in Sources */,
				EB2509952BF4760800CE53F2 /* ProfileSummary.swift in Sources */,
				EBF836142BECDF5700B0D057 /* HexagonParameters.swift in Sources */,
				EB7C2DF72BF6214D001C5701 /* PageView.swift in Sources */,
				EB2509932BF475CA00CE53F2 /* ProfileHost.swift in Sources */,
				EBAB04BC2BEDD67400EE3FF3 /* Hike.swift in Sources */,
				EBF8361A2BECE5DA00B0D057 /* RotatedBadgeSymbol.swift in Sources */,
				EB7C2DF32BF618B9001C5701 /* ProfileEditor.swift in Sources */,
				EBF836182BECE46A00B0D057 /* BadgeSymbol.swift in Sources */,
				EB94E3AE2BEB319D008D771D /* LandmarkList.swift in Sources */,
				EBAB04C82BEDD8EC00EE3FF3 /* HikeDetail.swift in Sources */,
				EB94E3B02BEB32C4008D771D /* LandmarkDetail.swift in Sources */,
				EB7C2DF52BF61FD3001C5701 /* PageViewController.swift in Sources */,
				EBF836162BECE0C800B0D057 /* BadgeBackground.swift in Sources */,
				EB2509982BF4771800CE53F2 /* HikeBadge.swift in Sources */,
				EB7BBB942BE2016C00B6A0AB /* CircleImage.swift in Sources */,
				EBB6A3C42BEAA1F000B2A5C6 /* Landmark.swift in Sources */,
				EB94E3AC2BEB3045008D771D /* LandmarkRow.swift in Sources */,
				EBB6A3C62BEAA37000B2A5C6 /* ModelData.swift in Sources */,
			);
			runOnlyForDeploymentPostprocessing = 0;
		};
		EB863E502BE1F9C200DE425C /* Sources */ = {
			isa = PBXSourcesBuildPhase;
			buildActionMask = 2147483647;
			files = (
				EB863E592BE1F9C200DE425C /* LandmarksTests.swift in Sources */,
			);
			runOnlyForDeploymentPostprocessing = 0;
		};
		EB863E5A2BE1F9C200DE425C /* Sources */ = {
			isa = PBXSourcesBuildPhase;
			buildActionMask = 2147483647;
			files = (
				EB863E652BE1F9C200DE425C /* LandmarksUITestsLaunchTests.swift in Sources */,
				EB863E632BE1F9C200DE425C /* LandmarksUITests.swift in Sources */,
			);
			runOnlyForDeploymentPostprocessing = 0;
		};
		EBD1409D2BF711FC00CBEFBF /* Sources */ = {
			isa = PBXSourcesBuildPhase;
			buildActionMask = 2147483647;
			files = (
				EBD140A62BF711FC00CBEFBF /* ContentView.swift in Sources */,
				EBD140CE2BF712D500CBEFBF /* Landmark.swift in Sources */,
				EBD140CF2BF712D500CBEFBF /* LandmarkList.swift in Sources */,
				EBD140D02BF712D500CBEFBF /* Profile.swift in Sources */,
				EBD140D12BF712D500CBEFBF /* ModelData.swift in Sources */,
				EBD140D22BF712D500CBEFBF /* LandmarksApp.swift in Sources */,
				EBD140D32BF712D500CBEFBF /* Hike.swift in Sources */,
				EBD140D42BF712D500CBEFBF /* LandmarkRow.swift in Sources */,
				EBD140D52BF712D500CBEFBF /* MapView.swift in Sources */,
				EBF6A20E2BFDA5B000C5CA6E /* NotificationController.swift in Sources */,
				EBD140D62BF712D500CBEFBF /* CircleImage.swift in Sources */,
				EBD140D82BF7134A00CBEFBF /* LandmarkDetail.swift in Sources */,
				EBF6A20C2BFDA4FB00C5CA6E /* NotificationView.swift in Sources */,
			);
			runOnlyForDeploymentPostprocessing = 0;
		};
		EBD140AC2BF7120000CBEFBF /* Sources */ = {
			isa = PBXSourcesBuildPhase;
			buildActionMask = 2147483647;
			files = (
				EBD140B52BF7120000CBEFBF /* Landmarks_Watch_AppTests.swift in Sources */,
			);
			runOnlyForDeploymentPostprocessing = 0;
		};
		EBD140B62BF7120000CBEFBF /* Sources */ = {
			isa = PBXSourcesBuildPhase;
			buildActionMask = 2147483647;
			files = (
				EBD140C12BF7120000CBEFBF /* Landmarks_Watch_AppUITestsLaunchTests.swift in Sources */,
				EBD140BF2BF7120000CBEFBF /* Landmarks_Watch_AppUITests.swift in Sources */,
			);
			runOnlyForDeploymentPostprocessing = 0;
		};
/* End PBXSourcesBuildPhase section */

/* Begin PBXTargetDependency section */
		EB863E562BE1F9C200DE425C /* PBXTargetDependency */ = {
			isa = PBXTargetDependency;
			target = EB863E432BE1F9BD00DE425C /* Landmarks */;
			targetProxy = EB863E552BE1F9C200DE425C /* PBXContainerItemProxy */;
		};
		EB863E602BE1F9C200DE425C /* PBXTargetDependency */ = {
			isa = PBXTargetDependency;
			target = EB863E432BE1F9BD00DE425C /* Landmarks */;
			targetProxy = EB863E5F2BE1F9C200DE425C /* PBXContainerItemProxy */;
		};
		EBD140B22BF7120000CBEFBF /* PBXTargetDependency */ = {
			isa = PBXTargetDependency;
			target = EBD140A02BF711FC00CBEFBF /* Landmarks Watch App */;
			targetProxy = EBD140B12BF7120000CBEFBF /* PBXContainerItemProxy */;
		};
		EBD140BC2BF7120000CBEFBF /* PBXTargetDependency */ = {
			isa = PBXTargetDependency;
			target = EBD140A02BF711FC00CBEFBF /* Landmarks Watch App */;
			targetProxy = EBD140BB2BF7120000CBEFBF /* PBXContainerItemProxy */;
		};
/* End PBXTargetDependency section */

/* Begin XCBuildConfiguration section */
		EB863E662BE1F9C200DE425C /* Debug */ = {
			isa = XCBuildConfiguration;
			buildSettings = {
				ALWAYS_SEARCH_USER_PATHS = NO;
				ASSETCATALOG_COMPILER_GENERATE_SWIFT_ASSET_SYMBOL_EXTENSIONS = YES;
				CLANG_ANALYZER_NONNULL = YES;
				CLANG_ANALYZER_NUMBER_OBJECT_CONVERSION = YES_AGGRESSIVE;
				CLANG_CXX_LANGUAGE_STANDARD = "gnu++20";
				CLANG_ENABLE_MODULES = YES;
				CLANG_ENABLE_OBJC_ARC = YES;
				CLANG_ENABLE_OBJC_WEAK = YES;
				CLANG_WARN_BLOCK_CAPTURE_AUTORELEASING = YES;
				CLANG_WARN_BOOL_CONVERSION = YES;
				CLANG_WARN_COMMA = YES;
				CLANG_WARN_CONSTANT_CONVERSION = YES;
				CLANG_WARN_DEPRECATED_OBJC_IMPLEMENTATIONS = YES;
				CLANG_WARN_DIRECT_OBJC_ISA_USAGE = YES_ERROR;
				CLANG_WARN_DOCUMENTATION_COMMENTS = YES;
				CLANG_WARN_EMPTY_BODY = YES;
				CLANG_WARN_ENUM_CONVERSION = YES;
				CLANG_WARN_INFINITE_RECURSION = YES;
				CLANG_WARN_INT_CONVERSION = YES;
				CLANG_WARN_NON_LITERAL_NULL_CONVERSION = YES;
				CLANG_WARN_OBJC_IMPLICIT_RETAIN_SELF = YES;
				CLANG_WARN_OBJC_LITERAL_CONVERSION = YES;
				CLANG_WARN_OBJC_ROOT_CLASS = YES_ERROR;
				CLANG_WARN_QUOTED_INCLUDE_IN_FRAMEWORK_HEADER = YES;
				CLANG_WARN_RANGE_LOOP_ANALYSIS = YES;
				CLANG_WARN_STRICT_PROTOTYPES = YES;
				CLANG_WARN_SUSPICIOUS_MOVE = YES;
				CLANG_WARN_UNGUARDED_AVAILABILITY = YES_AGGRESSIVE;
				CLANG_WARN_UNREACHABLE_CODE = YES;
				CLANG_WARN__DUPLICATE_METHOD_MATCH = YES;
				COPY_PHASE_STRIP = NO;
				DEBUG_INFORMATION_FORMAT = dwarf;
				ENABLE_STRICT_OBJC_MSGSEND = YES;
				ENABLE_TESTABILITY = YES;
				ENABLE_USER_SCRIPT_SANDBOXING = YES;
				GCC_C_LANGUAGE_STANDARD = gnu17;
				GCC_DYNAMIC_NO_PIC = NO;
				GCC_NO_COMMON_BLOCKS = YES;
				GCC_OPTIMIZATION_LEVEL = 0;
				GCC_PREPROCESSOR_DEFINITIONS = (
					"DEBUG=1",
					"$(inherited)",
				);
				GCC_WARN_64_TO_32_BIT_CONVERSION = YES;
				GCC_WARN_ABOUT_RETURN_TYPE = YES_ERROR;
				GCC_WARN_UNDECLARED_SELECTOR = YES;
				GCC_WARN_UNINITIALIZED_AUTOS = YES_AGGRESSIVE;
				GCC_WARN_UNUSED_FUNCTION = YES;
				GCC_WARN_UNUSED_VARIABLE = YES;
				IPHONEOS_DEPLOYMENT_TARGET = 17.4;
				LOCALIZATION_PREFERS_STRING_CATALOGS = YES;
				MTL_ENABLE_DEBUG_INFO = INCLUDE_SOURCE;
				MTL_FAST_MATH = YES;
				ONLY_ACTIVE_ARCH = YES;
				SDKROOT = iphoneos;
				SWIFT_ACTIVE_COMPILATION_CONDITIONS = "DEBUG $(inherited)";
				SWIFT_OPTIMIZATION_LEVEL = "-Onone";
			};
			name = Debug;
		};
		EB863E672BE1F9C200DE425C /* Release */ = {
			isa = XCBuildConfiguration;
			buildSettings = {
				ALWAYS_SEARCH_USER_PATHS = NO;
				ASSETCATALOG_COMPILER_GENERATE_SWIFT_ASSET_SYMBOL_EXTENSIONS = YES;
				CLANG_ANALYZER_NONNULL = YES;
				CLANG_ANALYZER_NUMBER_OBJECT_CONVERSION = YES_AGGRESSIVE;
				CLANG_CXX_LANGUAGE_STANDARD = "gnu++20";
				CLANG_ENABLE_MODULES = YES;
				CLANG_ENABLE_OBJC_ARC = YES;
				CLANG_ENABLE_OBJC_WEAK = YES;
				CLANG_WARN_BLOCK_CAPTURE_AUTORELEASING = YES;
				CLANG_WARN_BOOL_CONVERSION = YES;
				CLANG_WARN_COMMA = YES;
				CLANG_WARN_CONSTANT_CONVERSION = YES;
				CLANG_WARN_DEPRECATED_OBJC_IMPLEMENTATIONS = YES;
				CLANG_WARN_DIRECT_OBJC_ISA_USAGE = YES_ERROR;
				CLANG_WARN_DOCUMENTATION_COMMENTS = YES;
				CLANG_WARN_EMPTY_BODY = YES;
				CLANG_WARN_ENUM_CONVERSION = YES;
				CLANG_WARN_INFINITE_RECURSION = YES;
				CLANG_WARN_INT_CONVERSION = YES;
				CLANG_WARN_NON_LITERAL_NULL_CONVERSION = YES;
				CLANG_WARN_OBJC_IMPLICIT_RETAIN_SELF = YES;
				CLANG_WARN_OBJC_LITERAL_CONVERSION = YES;
				CLANG_WARN_OBJC_ROOT_CLASS = YES_ERROR;
				CLANG_WARN_QUOTED_INCLUDE_IN_FRAMEWORK_HEADER = YES;
				CLANG_WARN_RANGE_LOOP_ANALYSIS = YES;
				CLANG_WARN_STRICT_PROTOTYPES = YES;
				CLANG_WARN_SUSPICIOUS_MOVE = YES;
				CLANG_WARN_UNGUARDED_AVAILABILITY = YES_AGGRESSIVE;
				CLANG_WARN_UNREACHABLE_CODE = YES;
				CLANG_WARN__DUPLICATE_METHOD_MATCH = YES;
				COPY_PHASE_STRIP = NO;
				DEBUG_INFORMATION_FORMAT = "dwarf-with-dsym";
				ENABLE_NS_ASSERTIONS = NO;
				ENABLE_STRICT_OBJC_MSGSEND = YES;
				ENABLE_USER_SCRIPT_SANDBOXING = YES;
				GCC_C_LANGUAGE_STANDARD = gnu17;
				GCC_NO_COMMON_BLOCKS = YES;
				GCC_WARN_64_TO_32_BIT_CONVERSION = YES;
				GCC_WARN_ABOUT_RETURN_TYPE = YES_ERROR;
				GCC_WARN_UNDECLARED_SELECTOR = YES;
				GCC_WARN_UNINITIALIZED_AUTOS = YES_AGGRESSIVE;
				GCC_WARN_UNUSED_FUNCTION = YES;
				GCC_WARN_UNUSED_VARIABLE = YES;
				IPHONEOS_DEPLOYMENT_TARGET = 17.4;
				LOCALIZATION_PREFERS_STRING_CATALOGS = YES;
				MTL_ENABLE_DEBUG_INFO = NO;
				MTL_FAST_MATH = YES;
				SDKROOT = iphoneos;
				SWIFT_COMPILATION_MODE = wholemodule;
				VALIDATE_PRODUCT = YES;
			};
			name = Release;
		};
		EB863E692BE1F9C200DE425C /* Debug */ = {
			isa = XCBuildConfiguration;
			buildSettings = {
				ASSETCATALOG_COMPILER_APPICON_NAME = AppIcon;
				ASSETCATALOG_COMPILER_GLOBAL_ACCENT_COLOR_NAME = AccentColor;
				CODE_SIGN_STYLE = Automatic;
				CURRENT_PROJECT_VERSION = 1;
				DEVELOPMENT_ASSET_PATHS = "\"Landmarks/Preview Content\"";
				DEVELOPMENT_TEAM = KDTLF4YNVX;
				ENABLE_PREVIEWS = YES;
				GENERATE_INFOPLIST_FILE = YES;
				INFOPLIST_KEY_UIApplicationSceneManifest_Generation = YES;
				INFOPLIST_KEY_UIApplicationSupportsIndirectInputEvents = YES;
				INFOPLIST_KEY_UILaunchScreen_Generation = YES;
				INFOPLIST_KEY_UISupportedInterfaceOrientations_iPad = "UIInterfaceOrientationPortrait UIInterfaceOrientationPortraitUpsideDown UIInterfaceOrientationLandscapeLeft UIInterfaceOrientationLandscapeRight";
				INFOPLIST_KEY_UISupportedInterfaceOrientations_iPhone = "UIInterfaceOrientationPortrait UIInterfaceOrientationLandscapeLeft UIInterfaceOrientationLandscapeRight";
				LD_RUNPATH_SEARCH_PATHS = (
					"$(inherited)",
					"@executable_path/Frameworks",
				);
				MARKETING_VERSION = 1.0;
				PRODUCT_BUNDLE_IDENTIFIER = com.markos.Landmarks;
				PRODUCT_NAME = "$(TARGET_NAME)";
				SWIFT_EMIT_LOC_STRINGS = YES;
				SWIFT_VERSION = 5.0;
				TARGETED_DEVICE_FAMILY = "1,2";
			};
			name = Debug;
		};
		EB863E6A2BE1F9C200DE425C /* Release */ = {
			isa = XCBuildConfiguration;
			buildSettings = {
				ASSETCATALOG_COMPILER_APPICON_NAME = AppIcon;
				ASSETCATALOG_COMPILER_GLOBAL_ACCENT_COLOR_NAME = AccentColor;
				CODE_SIGN_STYLE = Automatic;
				CURRENT_PROJECT_VERSION = 1;
				DEVELOPMENT_ASSET_PATHS = "\"Landmarks/Preview Content\"";
				DEVELOPMENT_TEAM = KDTLF4YNVX;
				ENABLE_PREVIEWS = YES;
				GENERATE_INFOPLIST_FILE = YES;
				INFOPLIST_KEY_UIApplicationSceneManifest_Generation = YES;
				INFOPLIST_KEY_UIApplicationSupportsIndirectInputEvents = YES;
				INFOPLIST_KEY_UILaunchScreen_Generation = YES;
				INFOPLIST_KEY_UISupportedInterfaceOrientations_iPad = "UIInterfaceOrientationPortrait UIInterfaceOrientationPortraitUpsideDown UIInterfaceOrientationLandscapeLeft UIInterfaceOrientationLandscapeRight";
				INFOPLIST_KEY_UISupportedInterfaceOrientations_iPhone = "UIInterfaceOrientationPortrait UIInterfaceOrientationLandscapeLeft UIInterfaceOrientationLandscapeRight";
				LD_RUNPATH_SEARCH_PATHS = (
					"$(inherited)",
					"@executable_path/Frameworks",
				);
				MARKETING_VERSION = 1.0;
				PRODUCT_BUNDLE_IDENTIFIER = com.markos.Landmarks;
				PRODUCT_NAME = "$(TARGET_NAME)";
				SWIFT_EMIT_LOC_STRINGS = YES;
				SWIFT_VERSION = 5.0;
				TARGETED_DEVICE_FAMILY = "1,2";
			};
			name = Release;
		};
		EB863E6C2BE1F9C200DE425C /* Debug */ = {
			isa = XCBuildConfiguration;
			buildSettings = {
				ALWAYS_EMBED_SWIFT_STANDARD_LIBRARIES = YES;
				BUNDLE_LOADER = "$(TEST_HOST)";
				CODE_SIGN_STYLE = Automatic;
				CURRENT_PROJECT_VERSION = 1;
				GENERATE_INFOPLIST_FILE = YES;
				IPHONEOS_DEPLOYMENT_TARGET = 17.4;
				MARKETING_VERSION = 1.0;
				PRODUCT_BUNDLE_IDENTIFIER = com.markos.LandmarksTests;
				PRODUCT_NAME = "$(TARGET_NAME)";
				SWIFT_EMIT_LOC_STRINGS = NO;
				SWIFT_VERSION = 5.0;
				TARGETED_DEVICE_FAMILY = "1,2";
				TEST_HOST = "$(BUILT_PRODUCTS_DIR)/Landmarks.app/$(BUNDLE_EXECUTABLE_FOLDER_PATH)/Landmarks";
			};
			name = Debug;
		};
		EB863E6D2BE1F9C200DE425C /* Release */ = {
			isa = XCBuildConfiguration;
			buildSettings = {
				ALWAYS_EMBED_SWIFT_STANDARD_LIBRARIES = YES;
				BUNDLE_LOADER = "$(TEST_HOST)";
				CODE_SIGN_STYLE = Automatic;
				CURRENT_PROJECT_VERSION = 1;
				GENERATE_INFOPLIST_FILE = YES;
				IPHONEOS_DEPLOYMENT_TARGET = 17.4;
				MARKETING_VERSION = 1.0;
				PRODUCT_BUNDLE_IDENTIFIER = com.markos.LandmarksTests;
				PRODUCT_NAME = "$(TARGET_NAME)";
				SWIFT_EMIT_LOC_STRINGS = NO;
				SWIFT_VERSION = 5.0;
				TARGETED_DEVICE_FAMILY = "1,2";
				TEST_HOST = "$(BUILT_PRODUCTS_DIR)/Landmarks.app/$(BUNDLE_EXECUTABLE_FOLDER_PATH)/Landmarks";
			};
			name = Release;
		};
		EB863E6F2BE1F9C200DE425C /* Debug */ = {
			isa = XCBuildConfiguration;
			buildSettings = {
				ALWAYS_EMBED_SWIFT_STANDARD_LIBRARIES = YES;
				CODE_SIGN_STYLE = Automatic;
				CURRENT_PROJECT_VERSION = 1;
				GENERATE_INFOPLIST_FILE = YES;
				MARKETING_VERSION = 1.0;
				PRODUCT_BUNDLE_IDENTIFIER = com.markos.LandmarksUITests;
				PRODUCT_NAME = "$(TARGET_NAME)";
				SWIFT_EMIT_LOC_STRINGS = NO;
				SWIFT_VERSION = 5.0;
				TARGETED_DEVICE_FAMILY = "1,2";
				TEST_TARGET_NAME = Landmarks;
			};
			name = Debug;
		};
		EB863E702BE1F9C200DE425C /* Release */ = {
			isa = XCBuildConfiguration;
			buildSettings = {
				ALWAYS_EMBED_SWIFT_STANDARD_LIBRARIES = YES;
				CODE_SIGN_STYLE = Automatic;
				CURRENT_PROJECT_VERSION = 1;
				GENERATE_INFOPLIST_FILE = YES;
				MARKETING_VERSION = 1.0;
				PRODUCT_BUNDLE_IDENTIFIER = com.markos.LandmarksUITests;
				PRODUCT_NAME = "$(TARGET_NAME)";
				SWIFT_EMIT_LOC_STRINGS = NO;
				SWIFT_VERSION = 5.0;
				TARGETED_DEVICE_FAMILY = "1,2";
				TEST_TARGET_NAME = Landmarks;
			};
			name = Release;
		};
		EBD140C32BF7120000CBEFBF /* Debug */ = {
			isa = XCBuildConfiguration;
			buildSettings = {
				ASSETCATALOG_COMPILER_APPICON_NAME = AppIcon;
				ASSETCATALOG_COMPILER_GLOBAL_ACCENT_COLOR_NAME = AccentColor;
				CODE_SIGN_STYLE = Automatic;
				CURRENT_PROJECT_VERSION = 1;
				DEVELOPMENT_ASSET_PATHS = "\"Landmarks Watch App/Preview Content\"";
				DEVELOPMENT_TEAM = KDTLF4YNVX;
				ENABLE_PREVIEWS = YES;
				GENERATE_INFOPLIST_FILE = YES;
				INFOPLIST_KEY_CFBundleDisplayName = Landmarks;
				INFOPLIST_KEY_UISupportedInterfaceOrientations = "UIInterfaceOrientationPortrait UIInterfaceOrientationPortraitUpsideDown";
				INFOPLIST_KEY_WKCompanionAppBundleIdentifier = "";
				INFOPLIST_KEY_WKRunsIndependentlyOfCompanionApp = YES;
				LD_RUNPATH_SEARCH_PATHS = (
					"$(inherited)",
					"@executable_path/Frameworks",
				);
				MARKETING_VERSION = 1.0;
				PRODUCT_BUNDLE_IDENTIFIER = com.markos.landmarks.watch;
				PRODUCT_NAME = "$(TARGET_NAME)";
				SDKROOT = watchos;
				SKIP_INSTALL = YES;
				SWIFT_EMIT_LOC_STRINGS = YES;
				SWIFT_VERSION = 5.0;
				TARGETED_DEVICE_FAMILY = 4;
				WATCHOS_DEPLOYMENT_TARGET = 10.4;
			};
			name = Debug;
		};
		EBD140C42BF7120000CBEFBF /* Release */ = {
			isa = XCBuildConfiguration;
			buildSettings = {
				ASSETCATALOG_COMPILER_APPICON_NAME = AppIcon;
				ASSETCATALOG_COMPILER_GLOBAL_ACCENT_COLOR_NAME = AccentColor;
				CODE_SIGN_STYLE = Automatic;
				CURRENT_PROJECT_VERSION = 1;
				DEVELOPMENT_ASSET_PATHS = "\"Landmarks Watch App/Preview Content\"";
				DEVELOPMENT_TEAM = KDTLF4YNVX;
				ENABLE_PREVIEWS = YES;
				GENERATE_INFOPLIST_FILE = YES;
				INFOPLIST_KEY_CFBundleDisplayName = Landmarks;
				INFOPLIST_KEY_UISupportedInterfaceOrientations = "UIInterfaceOrientationPortrait UIInterfaceOrientationPortraitUpsideDown";
				INFOPLIST_KEY_WKCompanionAppBundleIdentifier = "";
				INFOPLIST_KEY_WKRunsIndependentlyOfCompanionApp = YES;
				LD_RUNPATH_SEARCH_PATHS = (
					"$(inherited)",
					"@executable_path/Frameworks",
				);
				MARKETING_VERSION = 1.0;
				PRODUCT_BUNDLE_IDENTIFIER = com.markos.landmarks.watch;
				PRODUCT_NAME = "$(TARGET_NAME)";
				SDKROOT = watchos;
				SKIP_INSTALL = YES;
				SWIFT_EMIT_LOC_STRINGS = YES;
				SWIFT_VERSION = 5.0;
				TARGETED_DEVICE_FAMILY = 4;
				WATCHOS_DEPLOYMENT_TARGET = 10.4;
			};
			name = Release;
		};
		EBD140C62BF7120000CBEFBF /* Debug */ = {
			isa = XCBuildConfiguration;
			buildSettings = {
				ALWAYS_EMBED_SWIFT_STANDARD_LIBRARIES = YES;
				BUNDLE_LOADER = "$(TEST_HOST)";
				CODE_SIGN_STYLE = Automatic;
				CURRENT_PROJECT_VERSION = 1;
				DEVELOPMENT_TEAM = KDTLF4YNVX;
				GENERATE_INFOPLIST_FILE = YES;
				MARKETING_VERSION = 1.0;
				PRODUCT_BUNDLE_IDENTIFIER = "com.markos.Landmarks-Watch-AppTests";
				PRODUCT_NAME = "$(TARGET_NAME)";
				SDKROOT = watchos;
				SWIFT_EMIT_LOC_STRINGS = NO;
				SWIFT_VERSION = 5.0;
				TARGETED_DEVICE_FAMILY = 4;
				TEST_HOST = "$(BUILT_PRODUCTS_DIR)/Landmarks Watch App.app/$(BUNDLE_EXECUTABLE_FOLDER_PATH)/Landmarks Watch App";
				WATCHOS_DEPLOYMENT_TARGET = 10.4;
			};
			name = Debug;
		};
		EBD140C72BF7120000CBEFBF /* Release */ = {
			isa = XCBuildConfiguration;
			buildSettings = {
				ALWAYS_EMBED_SWIFT_STANDARD_LIBRARIES = YES;
				BUNDLE_LOADER = "$(TEST_HOST)";
				CODE_SIGN_STYLE = Automatic;
				CURRENT_PROJECT_VERSION = 1;
				DEVELOPMENT_TEAM = KDTLF4YNVX;
				GENERATE_INFOPLIST_FILE = YES;
				MARKETING_VERSION = 1.0;
				PRODUCT_BUNDLE_IDENTIFIER = "com.markos.Landmarks-Watch-AppTests";
				PRODUCT_NAME = "$(TARGET_NAME)";
				SDKROOT = watchos;
				SWIFT_EMIT_LOC_STRINGS = NO;
				SWIFT_VERSION = 5.0;
				TARGETED_DEVICE_FAMILY = 4;
				TEST_HOST = "$(BUILT_PRODUCTS_DIR)/Landmarks Watch App.app/$(BUNDLE_EXECUTABLE_FOLDER_PATH)/Landmarks Watch App";
				WATCHOS_DEPLOYMENT_TARGET = 10.4;
			};
			name = Release;
		};
		EBD140C92BF7120000CBEFBF /* Debug */ = {
			isa = XCBuildConfiguration;
			buildSettings = {
				ALWAYS_EMBED_SWIFT_STANDARD_LIBRARIES = YES;
				CODE_SIGN_STYLE = Automatic;
				CURRENT_PROJECT_VERSION = 1;
				DEVELOPMENT_TEAM = KDTLF4YNVX;
				GENERATE_INFOPLIST_FILE = YES;
				MARKETING_VERSION = 1.0;
				PRODUCT_BUNDLE_IDENTIFIER = "com.markos.Landmarks-Watch-AppUITests";
				PRODUCT_NAME = "$(TARGET_NAME)";
				SDKROOT = watchos;
				SWIFT_EMIT_LOC_STRINGS = NO;
				SWIFT_VERSION = 5.0;
				TARGETED_DEVICE_FAMILY = 4;
				TEST_TARGET_NAME = "Landmarks Watch App";
				WATCHOS_DEPLOYMENT_TARGET = 10.4;
			};
			name = Debug;
		};
		EBD140CA2BF7120000CBEFBF /* Release */ = {
			isa = XCBuildConfiguration;
			buildSettings = {
				ALWAYS_EMBED_SWIFT_STANDARD_LIBRARIES = YES;
				CODE_SIGN_STYLE = Automatic;
				CURRENT_PROJECT_VERSION = 1;
				DEVELOPMENT_TEAM = KDTLF4YNVX;
				GENERATE_INFOPLIST_FILE = YES;
				MARKETING_VERSION = 1.0;
				PRODUCT_BUNDLE_IDENTIFIER = "com.markos.Landmarks-Watch-AppUITests";
				PRODUCT_NAME = "$(TARGET_NAME)";
				SDKROOT = watchos;
				SWIFT_EMIT_LOC_STRINGS = NO;
				SWIFT_VERSION = 5.0;
				TARGETED_DEVICE_FAMILY = 4;
				TEST_TARGET_NAME = "Landmarks Watch App";
				WATCHOS_DEPLOYMENT_TARGET = 10.4;
			};
			name = Release;
		};
/* End XCBuildConfiguration section */

/* Begin XCConfigurationList section */
		EB863E3F2BE1F9BD00DE425C /* Build configuration list for PBXProject "Landmarks" */ = {
			isa = XCConfigurationList;
			buildConfigurations = (
				EB863E662BE1F9C200DE425C /* Debug */,
				EB863E672BE1F9C200DE425C /* Release */,
			);
			defaultConfigurationIsVisible = 0;
			defaultConfigurationName = Release;
		};
		EB863E682BE1F9C200DE425C /* Build configuration list for PBXNativeTarget "Landmarks" */ = {
			isa = XCConfigurationList;
			buildConfigurations = (
				EB863E692BE1F9C200DE425C /* Debug */,
				EB863E6A2BE1F9C200DE425C /* Release */,
			);
			defaultConfigurationIsVisible = 0;
			defaultConfigurationName = Release;
		};
		EB863E6B2BE1F9C200DE425C /* Build configuration list for PBXNativeTarget "LandmarksTests" */ = {
			isa = XCConfigurationList;
			buildConfigurations = (
				EB863E6C2BE1F9C200DE425C /* Debug */,
				EB863E6D2BE1F9C200DE425C /* Release */,
			);
			defaultConfigurationIsVisible = 0;
			defaultConfigurationName = Release;
		};
		EB863E6E2BE1F9C200DE425C /* Build configuration list for PBXNativeTarget "LandmarksUITests" */ = {
			isa = XCConfigurationList;
			buildConfigurations = (
				EB863E6F2BE1F9C200DE425C /* Debug */,
				EB863E702BE1F9C200DE425C /* Release */,
			);
			defaultConfigurationIsVisible = 0;
			defaultConfigurationName = Release;
		};
		EBD140C22BF7120000CBEFBF /* Build configuration list for PBXNativeTarget "Landmarks Watch App" */ = {
			isa = XCConfigurationList;
			buildConfigurations = (
				EBD140C32BF7120000CBEFBF /* Debug */,
				EBD140C42BF7120000CBEFBF /* Release */,
			);
			defaultConfigurationIsVisible = 0;
			defaultConfigurationName = Release;
		};
		EBD140C52BF7120000CBEFBF /* Build configuration list for PBXNativeTarget "Landmarks Watch AppTests" */ = {
			isa = XCConfigurationList;
			buildConfigurations = (
				EBD140C62BF7120000CBEFBF /* Debug */,
				EBD140C72BF7120000CBEFBF /* Release */,
			);
			defaultConfigurationIsVisible = 0;
			defaultConfigurationName = Release;
		};
		EBD140C82BF7120000CBEFBF /* Build configuration list for PBXNativeTarget "Landmarks Watch AppUITests" */ = {
			isa = XCConfigurationList;
			buildConfigurations = (
				EBD140C92BF7120000CBEFBF /* Debug */,
				EBD140CA2BF7120000CBEFBF /* Release */,
			);
			defaultConfigurationIsVisible = 0;
			defaultConfigurationName = Release;
		};
/* End XCConfigurationList section */
	};
	rootObject = EB863E3C2BE1F9BD00DE425C /* Project object */;
}
